#include <iostream>
using namespace std;

int main() {
    char op;
    float num1, num2;

    cout << "Enter operator either + or - or * or /: ";
    cin >> op;

    cout << "Enter two operands: ";
    cin >> num1 >> num2;

    switch(op) {
        case '+':
            cout << num1 << " + " << num2 << " = " << num1 + num2;
            break;

        case '-':
            cout << num1 << " - " << num2 << " = " << num1 - num2;
            break;

        case '*':
            cout << num1 << " * " << num2 << " = " << num1 * num2;
            break;

        case '/':
            if (num2 != 0)
                cout << num1 << " / " << num2 << " = " << num1 / num2;
            else
                cout << "Cannot divide by zero";
            break;

        default:
            // Operator doesn't match any case constant (+, -, *, /)
            cout << "Error! Operator is not correct";
            break;
    }

    cout << endl;

    return 0;
}

